
Microsoft Visual Studio Solution File, Format Version 12.00
Project("{FAE04EC0-301F-11D3-BF4B-00C04F79EFBC}") = "Question7", "Question7\Question7.csproj", "{1C3E53A0-E444-42DE-9BB5-3897A97C496E}"
EndProject
Global
	GlobalSection(SolutionConfigurationPlatforms) = preSolution
		Debug|Any CPU = Debug|Any CPU
		Release|Any CPU = Release|Any CPU
	EndGlobalSection
	GlobalSection(ProjectConfigurationPlatforms) = postSolution
		{1C3E53A0-E444-42DE-9BB5-3897A97C496E}.Debug|Any CPU.ActiveCfg = Debug|Any CPU
		{1C3E53A0-E444-42DE-9BB5-3897A97C496E}.Debug|Any CPU.Build.0 = Debug|Any CPU
		{1C3E53A0-E444-42DE-9BB5-3897A97C496E}.Release|Any CPU.ActiveCfg = Release|Any CPU
		{1C3E53A0-E444-42DE-9BB5-3897A97C496E}.Release|Any CPU.Build.0 = Release|Any CPU
	EndGlobalSection
EndGlobal
